
Microsoft Visual Studio Solution File, Format Version 12.00
# Visual Studio Version 16
VisualStudioVersion = 16.0.29806.167
MinimumVisualStudioVersion = 10.0.40219.1
Project("{2150E333-8FDC-42A3-9474-1A3956D46DE8}") = "Infra", "Infra", "{F2DD48F3-A58F-4FC0-8460-4010B7C5EEEF}"
EndProject
Project("{2150E333-8FDC-42A3-9474-1A3956D46DE8}") = "Plugins", "Plugins", "{B0FE3838-850A-4BD3-923E-5B81C313710A}"
EndProject
Project("{2150E333-8FDC-42A3-9474-1A3956D46DE8}") = "Components", "Components", "{9BF0F0A0-9404-4887-9201-0AA7E5EA382E}"
EndProject
Project("{9A19103F-16F7-4668-BE54-9A1E7A4F7556}") = ".Ligg.RpaDesk.Interface", "Ligg.RpaDesk.Interface\.Ligg.RpaDesk.Interface.csproj", "{C32CCE08-5CD1-4832-B409-7BB667C88A5D}"
EndProject
Project("{FAE04EC0-301F-11D3-BF4B-00C04F79EFBC}") = "Ligg.WinFormBase.Fx", "Ligg.WinFormBase.Fx\Ligg.WinFormBase.Fx.csproj", "{9DA8B8D1-EDF0-412F-A53E-A9DD1768508C}"
EndProject
Project("{9A19103F-16F7-4668-BE54-9A1E7A4F7556}") = "Ligg.WinFormBase.Core", "Ligg.WinFormBase.Core\Ligg.WinFormBase.Core.csproj", "{9426C3D4-7D23-45B4-8949-853826E8F4CA}"
EndProject
Project("{FAE04EC0-301F-11D3-BF4B-00C04F79EFBC}") = "Ligg.RpaDesk.WinForm.Fx", "Ligg.RpaDesk.WinForm.Fx\Ligg.RpaDesk.WinForm.Fx.csproj", "{F6D5915B-D0E7-4389-901F-2737A37A37E7}"
EndProject
Project("{9A19103F-16F7-4668-BE54-9A1E7A4F7556}") = ".Ligg.RpaDesk.Parser", "Ligg.RpaDesk.Parser\.Ligg.RpaDesk.Parser.csproj", "{F991EA9A-E6EF-4990-82EE-7A9DD2FEB210}"
EndProject
Project("{9A19103F-16F7-4668-BE54-9A1E7A4F7556}") = "Ligg.RpaDesk.WinForm.Core", "Ligg.RpaDesk.WinForm.Core\Ligg.RpaDesk.WinForm.Core.csproj", "{68BCD421-A98B-4A5B-94EC-4B4B499DC0B9}"
EndProject
Project("{FAE04EC0-301F-11D3-BF4B-00C04F79EFBC}") = "Ligg.RpaDesk.WinFormApp.Fx", "Ligg.RpaDesk.WinFormApp.Fx\Ligg.RpaDesk.WinFormApp.Fx.csproj", "{793E912E-EC94-4BE3-835D-2AAAD74E0DF3}"
EndProject
Project("{9A19103F-16F7-4668-BE54-9A1E7A4F7556}") = "Ligg.RpaDesk.WinFormApp.Core", "Ligg.RpaDesk.WinFormApp.Core\Ligg.RpaDesk.WinFormApp.Core.csproj", "{FCCADE1D-80E0-41CB-B97F-8E4F4005444C}"
EndProject
Project("{9A19103F-16F7-4668-BE54-9A1E7A4F7556}") = "Ligg.RpaDesk.Console", "Ligg.RpaDesk.Console.Std\Ligg.RpaDesk.Console.csproj", "{1B0AA770-62A3-432E-AC24-1D95A7DEAB77}"
EndProject
Project("{FAE04EC0-301F-11D3-BF4B-00C04F79EFBC}") = "Ligg.RpaDesk.ConsoleApp.Fx", "Ligg.RpaDesk.ConsoleApp.Fx\Ligg.RpaDesk.ConsoleApp.Fx.csproj", "{D183E9A6-E9BC-4101-BBC5-4454D1CA3186}"
EndProject
Project("{9A19103F-16F7-4668-BE54-9A1E7A4F7556}") = "Ligg.RpaDesk.ConsoleApp.Core", "Ligg.RpaDesk.ConsoleApp.Core\Ligg.RpaDesk.ConsoleApp.Core.csproj", "{CDB028A4-F26F-418C-82B1-15048369EC45}"
EndProject
Project("{9A19103F-16F7-4668-BE54-9A1E7A4F7556}") = "Ligg.Infrastructure.Std", "Ligg.Infrastructure\Ligg.Infra.Std\Ligg.Infrastructure.Std.csproj", "{08EBD459-3306-4471-8C54-4B26C34C72DE}"
EndProject
Project("{9A19103F-16F7-4668-BE54-9A1E7A4F7556}") = "Ligg.Infrastructure.DataParser", "Ligg.Infrastructure\Ligg.Infra.DataParser\Ligg.Infrastructure.DataParser.csproj", "{B820492D-B064-4084-B6FD-522ACE9FD174}"
EndProject
Project("{9A19103F-16F7-4668-BE54-9A1E7A4F7556}") = "HostingServerChecker.Std", "Ligg.Rd.Plugins\HostingServerValidator\HostingServerChecker.Std.csproj", "{725DFFFB-0E62-4D6C-B7CE-855CC236C9F4}"
EndProject
Project("{FAE04EC0-301F-11D3-BF4B-00C04F79EFBC}") = "Ligg.RpaDesk.components.Oa.Fx", "Ligg.Rd.Components\Oa\Ligg.RpaDesk.components.Oa.Fx.csproj", "{AE5B9559-DD3F-49F8-8670-5EB871E636CD}"
EndProject
Global
	GlobalSection(SolutionConfigurationPlatforms) = preSolution
		Debug|Any CPU = Debug|Any CPU
		Debug|Mixed Platforms = Debug|Mixed Platforms
		Debug|x64 = Debug|x64
		Debug|x86 = Debug|x86
		Release|Any CPU = Release|Any CPU
		Release|Mixed Platforms = Release|Mixed Platforms
		Release|x64 = Release|x64
		Release|x86 = Release|x86
	EndGlobalSection
	GlobalSection(ProjectConfigurationPlatforms) = postSolution
		{C32CCE08-5CD1-4832-B409-7BB667C88A5D}.Debug|Any CPU.ActiveCfg = Debug|Any CPU
		{C32CCE08-5CD1-4832-B409-7BB667C88A5D}.Debug|Any CPU.Build.0 = Debug|Any CPU
		{C32CCE08-5CD1-4832-B409-7BB667C88A5D}.Debug|Mixed Platforms.ActiveCfg = Debug|Any CPU
		{C32CCE08-5CD1-4832-B409-7BB667C88A5D}.Debug|Mixed Platforms.Build.0 = Debug|Any CPU
		{C32CCE08-5CD1-4832-B409-7BB667C88A5D}.Debug|x64.ActiveCfg = Debug|Any CPU
		{C32CCE08-5CD1-4832-B409-7BB667C88A5D}.Debug|x64.Build.0 = Debug|Any CPU
		{C32CCE08-5CD1-4832-B409-7BB667C88A5D}.Debug|x86.ActiveCfg = Debug|Any CPU
		{C32CCE08-5CD1-4832-B409-7BB667C88A5D}.Debug|x86.Build.0 = Debug|Any CPU
		{C32CCE08-5CD1-4832-B409-7BB667C88A5D}.Release|Any CPU.ActiveCfg = Release|Any CPU
		{C32CCE08-5CD1-4832-B409-7BB667C88A5D}.Release|Any CPU.Build.0 = Release|Any CPU
		{C32CCE08-5CD1-4832-B409-7BB667C88A5D}.Release|Mixed Platforms.ActiveCfg = Release|Any CPU
		{C32CCE08-5CD1-4832-B409-7BB667C88A5D}.Release|Mixed Platforms.Build.0 = Release|Any CPU
		{C32CCE08-5CD1-4832-B409-7BB667C88A5D}.Release|x64.ActiveCfg = Release|Any CPU
		{C32CCE08-5CD1-4832-B409-7BB667C88A5D}.Release|x64.Build.0 = Release|Any CPU
		{C32CCE08-5CD1-4832-B409-7BB667C88A5D}.Release|x86.ActiveCfg = Release|Any CPU
		{C32CCE08-5CD1-4832-B409-7BB667C88A5D}.Release|x86.Build.0 = Release|Any CPU
		{9DA8B8D1-EDF0-412F-A53E-A9DD1768508C}.Debug|Any CPU.ActiveCfg = Release|Any CPU
		{9DA8B8D1-EDF0-412F-A53E-A9DD1768508C}.Debug|Any CPU.Build.0 = Release|Any CPU
		{9DA8B8D1-EDF0-412F-A53E-A9DD1768508C}.Debug|Mixed Platforms.ActiveCfg = Release|Any CPU
		{9DA8B8D1-EDF0-412F-A53E-A9DD1768508C}.Debug|Mixed Platforms.Build.0 = Release|Any CPU
		{9DA8B8D1-EDF0-412F-A53E-A9DD1768508C}.Debug|x64.ActiveCfg = Debug|Any CPU
		{9DA8B8D1-EDF0-412F-A53E-A9DD1768508C}.Debug|x64.Build.0 = Debug|Any CPU
		{9DA8B8D1-EDF0-412F-A53E-A9DD1768508C}.Debug|x86.ActiveCfg = Debug|Any CPU
		{9DA8B8D1-EDF0-412F-A53E-A9DD1768508C}.Debug|x86.Build.0 = Debug|Any CPU
		{9DA8B8D1-EDF0-412F-A53E-A9DD1768508C}.Release|Any CPU.ActiveCfg = Release|Any CPU
		{9DA8B8D1-EDF0-412F-A53E-A9DD1768508C}.Release|Any CPU.Build.0 = Release|Any CPU
		{9DA8B8D1-EDF0-412F-A53E-A9DD1768508C}.Release|Mixed Platforms.ActiveCfg = Release|Any CPU
		{9DA8B8D1-EDF0-412F-A53E-A9DD1768508C}.Release|Mixed Platforms.Build.0 = Release|Any CPU
		{9DA8B8D1-EDF0-412F-A53E-A9DD1768508C}.Release|x64.ActiveCfg = Release|Any CPU
		{9DA8B8D1-EDF0-412F-A53E-A9DD1768508C}.Release|x64.Build.0 = Release|Any CPU
		{9DA8B8D1-EDF0-412F-A53E-A9DD1768508C}.Release|x86.ActiveCfg = Release|Any CPU
		{9DA8B8D1-EDF0-412F-A53E-A9DD1768508C}.Release|x86.Build.0 = Release|Any CPU
		{9426C3D4-7D23-45B4-8949-853826E8F4CA}.Debug|Any CPU.ActiveCfg = Release|Any CPU
		{9426C3D4-7D23-45B4-8949-853826E8F4CA}.Debug|Any CPU.Build.0 = Release|Any CPU
		{9426C3D4-7D23-45B4-8949-853826E8F4CA}.Debug|Mixed Platforms.ActiveCfg = Release|Any CPU
		{9426C3D4-7D23-45B4-8949-853826E8F4CA}.Debug|Mixed Platforms.Build.0 = Release|Any CPU
		{9426C3D4-7D23-45B4-8949-853826E8F4CA}.Debug|x64.ActiveCfg = Debug|Any CPU
		{9426C3D4-7D23-45B4-8949-853826E8F4CA}.Debug|x64.Build.0 = Debug|Any CPU
		{9426C3D4-7D23-45B4-8949-853826E8F4CA}.Debug|x86.ActiveCfg = Debug|Any CPU
		{9426C3D4-7D23-45B4-8949-853826E8F4CA}.Debug|x86.Build.0 = Debug|Any CPU
		{9426C3D4-7D23-45B4-8949-853826E8F4CA}.Release|Any CPU.ActiveCfg = Release|Any CPU
		{9426C3D4-7D23-45B4-8949-853826E8F4CA}.Release|Any CPU.Build.0 = Release|Any CPU
		{9426C3D4-7D23-45B4-8949-853826E8F4CA}.Release|Mixed Platforms.ActiveCfg = Release|Any CPU
		{9426C3D4-7D23-45B4-8949-853826E8F4CA}.Release|Mixed Platforms.Build.0 = Release|Any CPU
		{9426C3D4-7D23-45B4-8949-853826E8F4CA}.Release|x64.ActiveCfg = Release|Any CPU
		{9426C3D4-7D23-45B4-8949-853826E8F4CA}.Release|x64.Build.0 = Release|Any CPU
		{9426C3D4-7D23-45B4-8949-853826E8F4CA}.Release|x86.ActiveCfg = Release|Any CPU
		{9426C3D4-7D23-45B4-8949-853826E8F4CA}.Release|x86.Build.0 = Release|Any CPU
		{F6D5915B-D0E7-4389-901F-2737A37A37E7}.Debug|Any CPU.ActiveCfg = Debug|Any CPU
		{F6D5915B-D0E7-4389-901F-2737A37A37E7}.Debug|Any CPU.Build.0 = Debug|Any CPU
		{F6D5915B-D0E7-4389-901F-2737A37A37E7}.Debug|Mixed Platforms.ActiveCfg = Debug|Any CPU
		{F6D5915B-D0E7-4389-901F-2737A37A37E7}.Debug|Mixed Platforms.Build.0 = Debug|Any CPU
		{F6D5915B-D0E7-4389-901F-2737A37A37E7}.Debug|x64.ActiveCfg = Debug|Any CPU
		{F6D5915B-D0E7-4389-901F-2737A37A37E7}.Debug|x64.Build.0 = Debug|Any CPU
		{F6D5915B-D0E7-4389-901F-2737A37A37E7}.Debug|x86.ActiveCfg = Debug|Any CPU
		{F6D5915B-D0E7-4389-901F-2737A37A37E7}.Debug|x86.Build.0 = Debug|Any CPU
		{F6D5915B-D0E7-4389-901F-2737A37A37E7}.Release|Any CPU.ActiveCfg = Release|Any CPU
		{F6D5915B-D0E7-4389-901F-2737A37A37E7}.Release|Any CPU.Build.0 = Release|Any CPU
		{F6D5915B-D0E7-4389-901F-2737A37A37E7}.Release|Mixed Platforms.ActiveCfg = Release|Any CPU
		{F6D5915B-D0E7-4389-901F-2737A37A37E7}.Release|Mixed Platforms.Build.0 = Release|Any CPU
		{F6D5915B-D0E7-4389-901F-2737A37A37E7}.Release|x64.ActiveCfg = Release|Any CPU
		{F6D5915B-D0E7-4389-901F-2737A37A37E7}.Release|x64.Build.0 = Release|Any CPU
		{F6D5915B-D0E7-4389-901F-2737A37A37E7}.Release|x86.ActiveCfg = Release|Any CPU
		{F6D5915B-D0E7-4389-901F-2737A37A37E7}.Release|x86.Build.0 = Release|Any CPU
		{F991EA9A-E6EF-4990-82EE-7A9DD2FEB210}.Debug|Any CPU.ActiveCfg = Debug|Any CPU
		{F991EA9A-E6EF-4990-82EE-7A9DD2FEB210}.Debug|Any CPU.Build.0 = Debug|Any CPU
		{F991EA9A-E6EF-4990-82EE-7A9DD2FEB210}.Debug|Mixed Platforms.ActiveCfg = Debug|Any CPU
		{F991EA9A-E6EF-4990-82EE-7A9DD2FEB210}.Debug|Mixed Platforms.Build.0 = Debug|Any CPU
		{F991EA9A-E6EF-4990-82EE-7A9DD2FEB210}.Debug|x64.ActiveCfg = Debug|Any CPU
		{F991EA9A-E6EF-4990-82EE-7A9DD2FEB210}.Debug|x64.Build.0 = Debug|Any CPU
		{F991EA9A-E6EF-4990-82EE-7A9DD2FEB210}.Debug|x86.ActiveCfg = Debug|Any CPU
		{F991EA9A-E6EF-4990-82EE-7A9DD2FEB210}.Debug|x86.Build.0 = Debug|Any CPU
		{F991EA9A-E6EF-4990-82EE-7A9DD2FEB210}.Release|Any CPU.ActiveCfg = Release|Any CPU
		{F991EA9A-E6EF-4990-82EE-7A9DD2FEB210}.Release|Any CPU.Build.0 = Release|Any CPU
		{F991EA9A-E6EF-4990-82EE-7A9DD2FEB210}.Release|Mixed Platforms.ActiveCfg = Release|Any CPU
		{F991EA9A-E6EF-4990-82EE-7A9DD2FEB210}.Release|Mixed Platforms.Build.0 = Release|Any CPU
		{F991EA9A-E6EF-4990-82EE-7A9DD2FEB210}.Release|x64.ActiveCfg = Release|Any CPU
		{F991EA9A-E6EF-4990-82EE-7A9DD2FEB210}.Release|x64.Build.0 = Release|Any CPU
		{F991EA9A-E6EF-4990-82EE-7A9DD2FEB210}.Release|x86.ActiveCfg = Release|Any CPU
		{F991EA9A-E6EF-4990-82EE-7A9DD2FEB210}.Release|x86.Build.0 = Release|Any CPU
		{68BCD421-A98B-4A5B-94EC-4B4B499DC0B9}.Debug|Any CPU.ActiveCfg = Debug|Any CPU
		{68BCD421-A98B-4A5B-94EC-4B4B499DC0B9}.Debug|Any CPU.Build.0 = Debug|Any CPU
		{68BCD421-A98B-4A5B-94EC-4B4B499DC0B9}.Debug|Mixed Platforms.ActiveCfg = Debug|Any CPU
		{68BCD421-A98B-4A5B-94EC-4B4B499DC0B9}.Debug|Mixed Platforms.Build.0 = Debug|Any CPU
		{68BCD421-A98B-4A5B-94EC-4B4B499DC0B9}.Debug|x64.ActiveCfg = Debug|Any CPU
		{68BCD421-A98B-4A5B-94EC-4B4B499DC0B9}.Debug|x64.Build.0 = Debug|Any CPU
		{68BCD421-A98B-4A5B-94EC-4B4B499DC0B9}.Debug|x86.ActiveCfg = Debug|Any CPU
		{68BCD421-A98B-4A5B-94EC-4B4B499DC0B9}.Debug|x86.Build.0 = Debug|Any CPU
		{68BCD421-A98B-4A5B-94EC-4B4B499DC0B9}.Release|Any CPU.ActiveCfg = Release|Any CPU
		{68BCD421-A98B-4A5B-94EC-4B4B499DC0B9}.Release|Any CPU.Build.0 = Release|Any CPU
		{68BCD421-A98B-4A5B-94EC-4B4B499DC0B9}.Release|Mixed Platforms.ActiveCfg = Release|Any CPU
		{68BCD421-A98B-4A5B-94EC-4B4B499DC0B9}.Release|Mixed Platforms.Build.0 = Release|Any CPU
		{68BCD421-A98B-4A5B-94EC-4B4B499DC0B9}.Release|x64.ActiveCfg = Release|Any CPU
		{68BCD421-A98B-4A5B-94EC-4B4B499DC0B9}.Release|x64.Build.0 = Release|Any CPU
		{68BCD421-A98B-4A5B-94EC-4B4B499DC0B9}.Release|x86.ActiveCfg = Release|Any CPU
		{68BCD421-A98B-4A5B-94EC-4B4B499DC0B9}.Release|x86.Build.0 = Release|Any CPU
		{793E912E-EC94-4BE3-835D-2AAAD74E0DF3}.Debug|Any CPU.ActiveCfg = Debug|Any CPU
		{793E912E-EC94-4BE3-835D-2AAAD74E0DF3}.Debug|Any CPU.Build.0 = Debug|Any CPU
		{793E912E-EC94-4BE3-835D-2AAAD74E0DF3}.Debug|Mixed Platforms.ActiveCfg = Debug|Any CPU
		{793E912E-EC94-4BE3-835D-2AAAD74E0DF3}.Debug|Mixed Platforms.Build.0 = Debug|Any CPU
		{793E912E-EC94-4BE3-835D-2AAAD74E0DF3}.Debug|x64.ActiveCfg = Debug|Any CPU
		{793E912E-EC94-4BE3-835D-2AAAD74E0DF3}.Debug|x64.Build.0 = Debug|Any CPU
		{793E912E-EC94-4BE3-835D-2AAAD74E0DF3}.Debug|x86.ActiveCfg = Debug|Any CPU
		{793E912E-EC94-4BE3-835D-2AAAD74E0DF3}.Debug|x86.Build.0 = Debug|Any CPU
		{793E912E-EC94-4BE3-835D-2AAAD74E0DF3}.Release|Any CPU.ActiveCfg = Release|Any CPU
		{793E912E-EC94-4BE3-835D-2AAAD74E0DF3}.Release|Any CPU.Build.0 = Release|Any CPU
		{793E912E-EC94-4BE3-835D-2AAAD74E0DF3}.Release|Mixed Platforms.ActiveCfg = Release|Any CPU
		{793E912E-EC94-4BE3-835D-2AAAD74E0DF3}.Release|Mixed Platforms.Build.0 = Release|Any CPU
		{793E912E-EC94-4BE3-835D-2AAAD74E0DF3}.Release|x64.ActiveCfg = Release|Any CPU
		{793E912E-EC94-4BE3-835D-2AAAD74E0DF3}.Release|x64.Build.0 = Release|Any CPU
		{793E912E-EC94-4BE3-835D-2AAAD74E0DF3}.Release|x86.ActiveCfg = Release|Any CPU
		{793E912E-EC94-4BE3-835D-2AAAD74E0DF3}.Release|x86.Build.0 = Release|Any CPU
		{FCCADE1D-80E0-41CB-B97F-8E4F4005444C}.Debug|Any CPU.ActiveCfg = Debug|Any CPU
		{FCCADE1D-80E0-41CB-B97F-8E4F4005444C}.Debug|Any CPU.Build.0 = Debug|Any CPU
		{FCCADE1D-80E0-41CB-B97F-8E4F4005444C}.Debug|Mixed Platforms.ActiveCfg = Debug|Any CPU
		{FCCADE1D-80E0-41CB-B97F-8E4F4005444C}.Debug|Mixed Platforms.Build.0 = Debug|Any CPU
		{FCCADE1D-80E0-41CB-B97F-8E4F4005444C}.Debug|x64.ActiveCfg = Debug|Any CPU
		{FCCADE1D-80E0-41CB-B97F-8E4F4005444C}.Debug|x64.Build.0 = Debug|Any CPU
		{FCCADE1D-80E0-41CB-B97F-8E4F4005444C}.Debug|x86.ActiveCfg = Debug|Any CPU
		{FCCADE1D-80E0-41CB-B97F-8E4F4005444C}.Debug|x86.Build.0 = Debug|Any CPU
		{FCCADE1D-80E0-41CB-B97F-8E4F4005444C}.Release|Any CPU.ActiveCfg = Release|Any CPU
		{FCCADE1D-80E0-41CB-B97F-8E4F4005444C}.Release|Any CPU.Build.0 = Release|Any CPU
		{FCCADE1D-80E0-41CB-B97F-8E4F4005444C}.Release|Mixed Platforms.ActiveCfg = Release|Any CPU
		{FCCADE1D-80E0-41CB-B97F-8E4F4005444C}.Release|Mixed Platforms.Build.0 = Release|Any CPU
		{FCCADE1D-80E0-41CB-B97F-8E4F4005444C}.Release|x64.ActiveCfg = Release|Any CPU
		{FCCADE1D-80E0-41CB-B97F-8E4F4005444C}.Release|x64.Build.0 = Release|Any CPU
		{FCCADE1D-80E0-41CB-B97F-8E4F4005444C}.Release|x86.ActiveCfg = Release|Any CPU
		{FCCADE1D-80E0-41CB-B97F-8E4F4005444C}.Release|x86.Build.0 = Release|Any CPU
		{1B0AA770-62A3-432E-AC24-1D95A7DEAB77}.Debug|Any CPU.ActiveCfg = Debug|Any CPU
		{1B0AA770-62A3-432E-AC24-1D95A7DEAB77}.Debug|Any CPU.Build.0 = Debug|Any CPU
		{1B0AA770-62A3-432E-AC24-1D95A7DEAB77}.Debug|Mixed Platforms.ActiveCfg = Debug|Any CPU
		{1B0AA770-62A3-432E-AC24-1D95A7DEAB77}.Debug|Mixed Platforms.Build.0 = Debug|Any CPU
		{1B0AA770-62A3-432E-AC24-1D95A7DEAB77}.Debug|x64.ActiveCfg = Debug|Any CPU
		{1B0AA770-62A3-432E-AC24-1D95A7DEAB77}.Debug|x64.Build.0 = Debug|Any CPU
		{1B0AA770-62A3-432E-AC24-1D95A7DEAB77}.Debug|x86.ActiveCfg = Debug|Any CPU
		{1B0AA770-62A3-432E-AC24-1D95A7DEAB77}.Debug|x86.Build.0 = Debug|Any CPU
		{1B0AA770-62A3-432E-AC24-1D95A7DEAB77}.Release|Any CPU.ActiveCfg = Release|Any CPU
		{1B0AA770-62A3-432E-AC24-1D95A7DEAB77}.Release|Any CPU.Build.0 = Release|Any CPU
		{1B0AA770-62A3-432E-AC24-1D95A7DEAB77}.Release|Mixed Platforms.ActiveCfg = Release|Any CPU
		{1B0AA770-62A3-432E-AC24-1D95A7DEAB77}.Release|Mixed Platforms.Build.0 = Release|Any CPU
		{1B0AA770-62A3-432E-AC24-1D95A7DEAB77}.Release|x64.ActiveCfg = Release|Any CPU
		{1B0AA770-62A3-432E-AC24-1D95A7DEAB77}.Release|x64.Build.0 = Release|Any CPU
		{1B0AA770-62A3-432E-AC24-1D95A7DEAB77}.Release|x86.ActiveCfg = Release|Any CPU
		{1B0AA770-62A3-432E-AC24-1D95A7DEAB77}.Release|x86.Build.0 = Release|Any CPU
		{D183E9A6-E9BC-4101-BBC5-4454D1CA3186}.Debug|Any CPU.ActiveCfg = Debug|Any CPU
		{D183E9A6-E9BC-4101-BBC5-4454D1CA3186}.Debug|Any CPU.Build.0 = Debug|Any CPU
		{D183E9A6-E9BC-4101-BBC5-4454D1CA3186}.Debug|Mixed Platforms.ActiveCfg = Debug|Any CPU
		{D183E9A6-E9BC-4101-BBC5-4454D1CA3186}.Debug|Mixed Platforms.Build.0 = Debug|Any CPU
		{D183E9A6-E9BC-4101-BBC5-4454D1CA3186}.Debug|x64.ActiveCfg = Debug|Any CPU
		{D183E9A6-E9BC-4101-BBC5-4454D1CA3186}.Debug|x64.Build.0 = Debug|Any CPU
		{D183E9A6-E9BC-4101-BBC5-4454D1CA3186}.Debug|x86.ActiveCfg = Debug|Any CPU
		{D183E9A6-E9BC-4101-BBC5-4454D1CA3186}.Debug|x86.Build.0 = Debug|Any CPU
		{D183E9A6-E9BC-4101-BBC5-4454D1CA3186}.Release|Any CPU.ActiveCfg = Release|Any CPU
		{D183E9A6-E9BC-4101-BBC5-4454D1CA3186}.Release|Any CPU.Build.0 = Release|Any CPU
		{D183E9A6-E9BC-4101-BBC5-4454D1CA3186}.Release|Mixed Platforms.ActiveCfg = Release|Any CPU
		{D183E9A6-E9BC-4101-BBC5-4454D1CA3186}.Release|Mixed Platforms.Build.0 = Release|Any CPU
		{D183E9A6-E9BC-4101-BBC5-4454D1CA3186}.Release|x64.ActiveCfg = Release|Any CPU
		{D183E9A6-E9BC-4101-BBC5-4454D1CA3186}.Release|x64.Build.0 = Release|Any CPU
		{D183E9A6-E9BC-4101-BBC5-4454D1CA3186}.Release|x86.ActiveCfg = Release|Any CPU
		{D183E9A6-E9BC-4101-BBC5-4454D1CA3186}.Release|x86.Build.0 = Release|Any CPU
		{CDB028A4-F26F-418C-82B1-15048369EC45}.Debug|Any CPU.ActiveCfg = Debug|Any CPU
		{CDB028A4-F26F-418C-82B1-15048369EC45}.Debug|Any CPU.Build.0 = Debug|Any CPU
		{CDB028A4-F26F-418C-82B1-15048369EC45}.Debug|Mixed Platforms.ActiveCfg = Debug|Any CPU
		{CDB028A4-F26F-418C-82B1-15048369EC45}.Debug|Mixed Platforms.Build.0 = Debug|Any CPU
		{CDB028A4-F26F-418C-82B1-15048369EC45}.Debug|x64.ActiveCfg = Debug|Any CPU
		{CDB028A4-F26F-418C-82B1-15048369EC45}.Debug|x64.Build.0 = Debug|Any CPU
		{CDB028A4-F26F-418C-82B1-15048369EC45}.Debug|x86.ActiveCfg = Debug|Any CPU
		{CDB028A4-F26F-418C-82B1-15048369EC45}.Debug|x86.Build.0 = Debug|Any CPU
		{CDB028A4-F26F-418C-82B1-15048369EC45}.Release|Any CPU.ActiveCfg = Release|Any CPU
		{CDB028A4-F26F-418C-82B1-15048369EC45}.Release|Any CPU.Build.0 = Release|Any CPU
		{CDB028A4-F26F-418C-82B1-15048369EC45}.Release|Mixed Platforms.ActiveCfg = Release|Any CPU
		{CDB028A4-F26F-418C-82B1-15048369EC45}.Release|Mixed Platforms.Build.0 = Release|Any CPU
		{CDB028A4-F26F-418C-82B1-15048369EC45}.Release|x64.ActiveCfg = Release|Any CPU
		{CDB028A4-F26F-418C-82B1-15048369EC45}.Release|x64.Build.0 = Release|Any CPU
		{CDB028A4-F26F-418C-82B1-15048369EC45}.Release|x86.ActiveCfg = Release|Any CPU
		{CDB028A4-F26F-418C-82B1-15048369EC45}.Release|x86.Build.0 = Release|Any CPU
		{08EBD459-3306-4471-8C54-4B26C34C72DE}.Debug|Any CPU.ActiveCfg = Debug|Any CPU
		{08EBD459-3306-4471-8C54-4B26C34C72DE}.Debug|Any CPU.Build.0 = Debug|Any CPU
		{08EBD459-3306-4471-8C54-4B26C34C72DE}.Debug|Mixed Platforms.ActiveCfg = Debug|Any CPU
		{08EBD459-3306-4471-8C54-4B26C34C72DE}.Debug|Mixed Platforms.Build.0 = Debug|Any CPU
		{08EBD459-3306-4471-8C54-4B26C34C72DE}.Debug|x64.ActiveCfg = Debug|Any CPU
		{08EBD459-3306-4471-8C54-4B26C34C72DE}.Debug|x64.Build.0 = Debug|Any CPU
		{08EBD459-3306-4471-8C54-4B26C34C72DE}.Debug|x86.ActiveCfg = Debug|Any CPU
		{08EBD459-3306-4471-8C54-4B26C34C72DE}.Debug|x86.Build.0 = Debug|Any CPU
		{08EBD459-3306-4471-8C54-4B26C34C72DE}.Release|Any CPU.ActiveCfg = Release|Any CPU
		{08EBD459-3306-4471-8C54-4B26C34C72DE}.Release|Any CPU.Build.0 = Release|Any CPU
		{08EBD459-3306-4471-8C54-4B26C34C72DE}.Release|Mixed Platforms.ActiveCfg = Release|Any CPU
		{08EBD459-3306-4471-8C54-4B26C34C72DE}.Release|Mixed Platforms.Build.0 = Release|Any CPU
		{08EBD459-3306-4471-8C54-4B26C34C72DE}.Release|x64.ActiveCfg = Release|Any CPU
		{08EBD459-3306-4471-8C54-4B26C34C72DE}.Release|x64.Build.0 = Release|Any CPU
		{08EBD459-3306-4471-8C54-4B26C34C72DE}.Release|x86.ActiveCfg = Release|Any CPU
		{08EBD459-3306-4471-8C54-4B26C34C72DE}.Release|x86.Build.0 = Release|Any CPU
		{B820492D-B064-4084-B6FD-522ACE9FD174}.Debug|Any CPU.ActiveCfg = Debug|Any CPU
		{B820492D-B064-4084-B6FD-522ACE9FD174}.Debug|Any CPU.Build.0 = Debug|Any CPU
		{B820492D-B064-4084-B6FD-522ACE9FD174}.Debug|Mixed Platforms.ActiveCfg = Debug|x86
		{B820492D-B064-4084-B6FD-522ACE9FD174}.Debug|Mixed Platforms.Build.0 = Debug|x86
		{B820492D-B064-4084-B6FD-522ACE9FD174}.Debug|x64.ActiveCfg = Debug|x64
		{B820492D-B064-4084-B6FD-522ACE9FD174}.Debug|x64.Build.0 = Debug|x64
		{B820492D-B064-4084-B6FD-522ACE9FD174}.Debug|x86.ActiveCfg = Debug|x86
		{B820492D-B064-4084-B6FD-522ACE9FD174}.Debug|x86.Build.0 = Debug|x86
		{B820492D-B064-4084-B6FD-522ACE9FD174}.Release|Any CPU.ActiveCfg = Release|Any CPU
		{B820492D-B064-4084-B6FD-522ACE9FD174}.Release|Any CPU.Build.0 = Release|Any CPU
		{B820492D-B064-4084-B6FD-522ACE9FD174}.Release|Mixed Platforms.ActiveCfg = Release|x86
		{B820492D-B064-4084-B6FD-522ACE9FD174}.Release|Mixed Platforms.Build.0 = Release|x86
		{B820492D-B064-4084-B6FD-522ACE9FD174}.Release|x64.ActiveCfg = Release|x64
		{B820492D-B064-4084-B6FD-522ACE9FD174}.Release|x64.Build.0 = Release|x64
		{B820492D-B064-4084-B6FD-522ACE9FD174}.Release|x86.ActiveCfg = Release|x86
		{B820492D-B064-4084-B6FD-522ACE9FD174}.Release|x86.Build.0 = Release|x86
		{725DFFFB-0E62-4D6C-B7CE-855CC236C9F4}.Debug|Any CPU.ActiveCfg = Debug|Any CPU
		{725DFFFB-0E62-4D6C-B7CE-855CC236C9F4}.Debug|Any CPU.Build.0 = Debug|Any CPU
		{725DFFFB-0E62-4D6C-B7CE-855CC236C9F4}.Debug|Mixed Platforms.ActiveCfg = Debug|Any CPU
		{725DFFFB-0E62-4D6C-B7CE-855CC236C9F4}.Debug|Mixed Platforms.Build.0 = Debug|Any CPU
		{725DFFFB-0E62-4D6C-B7CE-855CC236C9F4}.Debug|x64.ActiveCfg = Debug|Any CPU
		{725DFFFB-0E62-4D6C-B7CE-855CC236C9F4}.Debug|x64.Build.0 = Debug|Any CPU
		{725DFFFB-0E62-4D6C-B7CE-855CC236C9F4}.Debug|x86.ActiveCfg = Debug|Any CPU
		{725DFFFB-0E62-4D6C-B7CE-855CC236C9F4}.Debug|x86.Build.0 = Debug|Any CPU
		{725DFFFB-0E62-4D6C-B7CE-855CC236C9F4}.Release|Any CPU.ActiveCfg = Release|Any CPU
		{725DFFFB-0E62-4D6C-B7CE-855CC236C9F4}.Release|Any CPU.Build.0 = Release|Any CPU
		{725DFFFB-0E62-4D6C-B7CE-855CC236C9F4}.Release|Mixed Platforms.ActiveCfg = Release|Any CPU
		{725DFFFB-0E62-4D6C-B7CE-855CC236C9F4}.Release|Mixed Platforms.Build.0 = Release|Any CPU
		{725DFFFB-0E62-4D6C-B7CE-855CC236C9F4}.Release|x64.ActiveCfg = Release|Any CPU
		{725DFFFB-0E62-4D6C-B7CE-855CC236C9F4}.Release|x64.Build.0 = Release|Any CPU
		{725DFFFB-0E62-4D6C-B7CE-855CC236C9F4}.Release|x86.ActiveCfg = Release|Any CPU
		{725DFFFB-0E62-4D6C-B7CE-855CC236C9F4}.Release|x86.Build.0 = Release|Any CPU
		{AE5B9559-DD3F-49F8-8670-5EB871E636CD}.Debug|Any CPU.ActiveCfg = Debug|Any CPU
		{AE5B9559-DD3F-49F8-8670-5EB871E636CD}.Debug|Any CPU.Build.0 = Debug|Any CPU
		{AE5B9559-DD3F-49F8-8670-5EB871E636CD}.Debug|Mixed Platforms.ActiveCfg = Debug|x86
		{AE5B9559-DD3F-49F8-8670-5EB871E636CD}.Debug|Mixed Platforms.Build.0 = Debug|x86
		{AE5B9559-DD3F-49F8-8670-5EB871E636CD}.Debug|x64.ActiveCfg = Debug|x64
		{AE5B9559-DD3F-49F8-8670-5EB871E636CD}.Debug|x64.Build.0 = Debug|x64
		{AE5B9559-DD3F-49F8-8670-5EB871E636CD}.Debug|x86.ActiveCfg = Debug|x86
		{AE5B9559-DD3F-49F8-8670-5EB871E636CD}.Debug|x86.Build.0 = Debug|x86
		{AE5B9559-DD3F-49F8-8670-5EB871E636CD}.Release|Any CPU.ActiveCfg = Release|Any CPU
		{AE5B9559-DD3F-49F8-8670-5EB871E636CD}.Release|Any CPU.Build.0 = Release|Any CPU
		{AE5B9559-DD3F-49F8-8670-5EB871E636CD}.Release|Mixed Platforms.ActiveCfg = Release|x86
		{AE5B9559-DD3F-49F8-8670-5EB871E636CD}.Release|Mixed Platforms.Build.0 = Release|x86
		{AE5B9559-DD3F-49F8-8670-5EB871E636CD}.Release|x64.ActiveCfg = Release|x64
		{AE5B9559-DD3F-49F8-8670-5EB871E636CD}.Release|x64.Build.0 = Release|x64
		{AE5B9559-DD3F-49F8-8670-5EB871E636CD}.Release|x86.ActiveCfg = Release|x86
		{AE5B9559-DD3F-49F8-8670-5EB871E636CD}.Release|x86.Build.0 = Release|x86
	EndGlobalSection
	GlobalSection(SolutionProperties) = preSolution
		HideSolutionNode = FALSE
	EndGlobalSection
	GlobalSection(NestedProjects) = preSolution
		{08EBD459-3306-4471-8C54-4B26C34C72DE} = {F2DD48F3-A58F-4FC0-8460-4010B7C5EEEF}
		{B820492D-B064-4084-B6FD-522ACE9FD174} = {F2DD48F3-A58F-4FC0-8460-4010B7C5EEEF}
		{725DFFFB-0E62-4D6C-B7CE-855CC236C9F4} = {B0FE3838-850A-4BD3-923E-5B81C313710A}
		{AE5B9559-DD3F-49F8-8670-5EB871E636CD} = {9BF0F0A0-9404-4887-9201-0AA7E5EA382E}
	EndGlobalSection
	GlobalSection(ExtensibilityGlobals) = postSolution
		SolutionGuid = {5183EE21-F0A8-4A90-B620-EF038EF1133F}
	EndGlobalSection
EndGlobal
